
Microsoft Visual Studio Solution File, Format Version 12.00
# Visual Studio Version 16
VisualStudioVersion = 16.0.31205.134
MinimumVisualStudioVersion = 10.0.40219.1
Project("{FAE04EC0-301F-11D3-BF4B-00C04F79EFBC}") = "GenericCollection", "GenericCollection\GenericCollection.csproj", "{40850B2B-BA79-45B3-8C0A-1E7BB90AA005}"
EndProject
Global
	GlobalSection(SolutionConfigurationPlatforms) = preSolution
		Debug|Any CPU = Debug|Any CPU
		Release|Any CPU = Release|Any CPU
	EndGlobalSection
	GlobalSection(ProjectConfigurationPlatforms) = postSolution
		{40850B2B-BA79-45B3-8C0A-1E7BB90AA005}.Debug|Any CPU.ActiveCfg = Debug|Any CPU
		{40850B2B-BA79-45B3-8C0A-1E7BB90AA005}.Debug|Any CPU.Build.0 = Debug|Any CPU
		{40850B2B-BA79-45B3-8C0A-1E7BB90AA005}.Release|Any CPU.ActiveCfg = Release|Any CPU
		{40850B2B-BA79-45B3-8C0A-1E7BB90AA005}.Release|Any CPU.Build.0 = Release|Any CPU
	EndGlobalSection
	GlobalSection(SolutionProperties) = preSolution
		HideSolutionNode = FALSE
	EndGlobalSection
	GlobalSection(ExtensibilityGlobals) = postSolution
		SolutionGuid = {462FEF36-08C9-4F80-BE98-9AE05F85BE01}
	EndGlobalSection
EndGlobal
